
Microsoft Visual Studio Solution File, Format Version 12.00
# Visual Studio 15
VisualStudioVersion = 15.0.27703.2000
MinimumVisualStudioVersion = 10.0.40219.1
Project("{FAE04EC0-301F-11D3-BF4B-00C04F79EFBC}") = "RTLDemo.Android", "RTLDemo\RTLDemo.Android\RTLDemo.Android.csproj", "{4E53FA83-28F5-43A1-BC25-E2010D865D56}"
EndProject
Project("{FAE04EC0-301F-11D3-BF4B-00C04F79EFBC}") = "RTLDemo.iOS", "RTLDemo\RTLDemo.iOS\RTLDemo.iOS.csproj", "{BFB4F487-BE19-4171-A0D4-9A3A73B7A5B9}"
EndProject
Project("{FAE04EC0-301F-11D3-BF4B-00C04F79EFBC}") = "RTLDemo.UWP", "RTLDemo\RTLDemo.UWP\RTLDemo.UWP.csproj", "{F695AEDF-F89E-47BB-B3A3-F25C77095200}"
EndProject
Project("{FAE04EC0-301F-11D3-BF4B-00C04F79EFBC}") = "RTLDemo", "RTLDemo\RTLDemo\RTLDemo.csproj", "{3CDDB9F6-358B-482B-8180-CFC28187B3DB}"
EndProject
Global
	GlobalSection(SolutionConfigurationPlatforms) = preSolution
		Ad-Hoc|Any CPU = Ad-Hoc|Any CPU
		Ad-Hoc|ARM = Ad-Hoc|ARM
		Ad-Hoc|iPhone = Ad-Hoc|iPhone
		Ad-Hoc|iPhoneSimulator = Ad-Hoc|iPhoneSimulator
		Ad-Hoc|x64 = Ad-Hoc|x64
		Ad-Hoc|x86 = Ad-Hoc|x86
		AppStore|Any CPU = AppStore|Any CPU
		AppStore|ARM = AppStore|ARM
		AppStore|iPhone = AppStore|iPhone
		AppStore|iPhoneSimulator = AppStore|iPhoneSimulator
		AppStore|x64 = AppStore|x64
		AppStore|x86 = AppStore|x86
		Debug|Any CPU = Debug|Any CPU
		Debug|ARM = Debug|ARM
		Debug|iPhone = Debug|iPhone
		Debug|iPhoneSimulator = Debug|iPhoneSimulator
		Debug|x64 = Debug|x64
		Debug|x86 = Debug|x86
		Release|Any CPU = Release|Any CPU
		Release|ARM = Release|ARM
		Release|iPhone = Release|iPhone
		Release|iPhoneSimulator = Release|iPhoneSimulator
		Release|x64 = Release|x64
		Release|x86 = Release|x86
	EndGlobalSection
	GlobalSection(ProjectConfigurationPlatforms) = postSolution
		{4E53FA83-28F5-43A1-BC25-E2010D865D56}.Ad-Hoc|Any CPU.ActiveCfg = Release|Any CPU
		{4E53FA83-28F5-43A1-BC25-E2010D865D56}.Ad-Hoc|Any CPU.Build.0 = Release|Any CPU
		{4E53FA83-28F5-43A1-BC25-E2010D865D56}.Ad-Hoc|Any CPU.Deploy.0 = Release|Any CPU
		{4E53FA83-28F5-43A1-BC25-E2010D865D56}.Ad-Hoc|ARM.ActiveCfg = Release|Any CPU
		{4E53FA83-28F5-43A1-BC25-E2010D865D56}.Ad-Hoc|ARM.Build.0 = Release|Any CPU
		{4E53FA83-28F5-43A1-BC25-E2010D865D56}.Ad-Hoc|ARM.Deploy.0 = Release|Any CPU
		{4E53FA83-28F5-43A1-BC25-E2010D865D56}.Ad-Hoc|iPhone.ActiveCfg = Release|Any CPU
		{4E53FA83-28F5-43A1-BC25-E2010D865D56}.Ad-Hoc|iPhone.Build.0 = Release|Any CPU
		{4E53FA83-28F5-43A1-BC25-E2010D865D56}.Ad-Hoc|iPhone.Deploy.0 = Release|Any CPU
		{4E53FA83-28F5-43A1-BC25-E2010D865D56}.Ad-Hoc|iPhoneSimulator.ActiveCfg = Release|Any CPU
		{4E53FA83-28F5-43A1-BC25-E2010D865D56}.Ad-Hoc|iPhoneSimulator.Build.0 = Release|Any CPU
		{4E53FA83-28F5-43A1-BC25-E2010D865D56}.Ad-Hoc|iPhoneSimulator.Deploy.0 = Release|Any CPU
		{4E53FA83-28F5-43A1-BC25-E2010D865D56}.Ad-Hoc|x64.ActiveCfg = Release|Any CPU
		{4E53FA83-28F5-43A1-BC25-E2010D865D56}.Ad-Hoc|x64.Build.0 = Release|Any CPU
		{4E53FA83-28F5-43A1-BC25-E2010D865D56}.Ad-Hoc|x64.Deploy.0 = Release|Any CPU
		{4E53FA83-28F5-43A1-BC25-E2010D865D56}.Ad-Hoc|x86.ActiveCfg = Release|Any CPU
		{4E53FA83-28F5-43A1-BC25-E2010D865D56}.Ad-Hoc|x86.Build.0 = Release|Any CPU
		{4E53FA83-28F5-43A1-BC25-E2010D865D56}.Ad-Hoc|x86.Deploy.0 = Release|Any CPU
		{4E53FA83-28F5-43A1-BC25-E2010D865D56}.AppStore|Any CPU.ActiveCfg = Release|Any CPU
		{4E53FA83-28F5-43A1-BC25-E2010D865D56}.AppStore|Any CPU.Build.0 = Release|Any CPU
		{4E53FA83-28F5-43A1-BC25-E2010D865D56}.AppStore|Any CPU.Deploy.0 = Release|Any CPU
		{4E53FA83-28F5-43A1-BC25-E2010D865D56}.AppStore|ARM.ActiveCfg = Release|Any CPU
		{4E53FA83-28F5-43A1-BC25-E2010D865D56}.AppStore|ARM.Build.0 = Release|Any CPU
		{4E53FA83-28F5-43A1-BC25-E2010D865D56}.AppStore|ARM.Deploy.0 = Release|Any CPU
		{4E53FA83-28F5-43A1-BC25-E2010D865D56}.AppStore|iPhone.ActiveCfg = Release|Any CPU
		{4E53FA83-28F5-43A1-BC25-E2010D865D56}.AppStore|iPhone.Build.0 = Release|Any CPU
		{4E53FA83-28F5-43A1-BC25-E2010D865D56}.AppStore|iPhone.Deploy.0 = Release|Any CPU
		{4E53FA83-28F5-43A1-BC25-E2010D865D56}.AppStore|iPhoneSimulator.ActiveCfg = Release|Any CPU
		{4E53FA83-28F5-43A1-BC25-E2010D865D56}.AppStore|iPhoneSimulator.Build.0 = Release|Any CPU
		{4E53FA83-28F5-43A1-BC25-E2010D865D56}.AppStore|iPhoneSimulator.Deploy.0 = Release|Any CPU
		{4E53FA83-28F5-43A1-BC25-E2010D865D56}.AppStore|x64.ActiveCfg = Release|Any CPU
		{4E53FA83-28F5-43A1-BC25-E2010D865D56}.AppStore|x64.Build.0 = Release|Any CPU
		{4E53FA83-28F5-43A1-BC25-E2010D865D56}.AppStore|x64.Deploy.0 = Release|Any CPU
		{4E53FA83-28F5-43A1-BC25-E2010D865D56}.AppStore|x86.ActiveCfg = Release|Any CPU
		{4E53FA83-28F5-43A1-BC25-E2010D865D56}.AppStore|x86.Build.0 = Release|Any CPU
		{4E53FA83-28F5-43A1-BC25-E2010D865D56}.AppStore|x86.Deploy.0 = Release|Any CPU
		{4E53FA83-28F5-43A1-BC25-E2010D865D56}.Debug|Any CPU.ActiveCfg = Debug|Any CPU
		{4E53FA83-28F5-43A1-BC25-E2010D865D56}.Debug|Any CPU.Build.0 = Debug|Any CPU
		{4E53FA83-28F5-43A1-BC25-E2010D865D56}.Debug|Any CPU.Deploy.0 = Debug|Any CPU
		{4E53FA83-28F5-43A1-BC25-E2010D865D56}.Debug|ARM.ActiveCfg = Debug|Any CPU
		{4E53FA83-28F5-43A1-BC25-E2010D865D56}.Debug|ARM.Build.0 = Debug|Any CPU
		{4E53FA83-28F5-43A1-BC25-E2010D865D56}.Debug|ARM.Deploy.0 = Debug|Any CPU
		{4E53FA83-28F5-43A1-BC25-E2010D865D56}.Debug|iPhone.ActiveCfg = Debug|Any CPU
		{4E53FA83-28F5-43A1-BC25-E2010D865D56}.Debug|iPhone.Build.0 = Debug|Any CPU
		{4E53FA83-28F5-43A1-BC25-E2010D865D56}.Debug|iPhone.Deploy.0 = Debug|Any CPU
		{4E53FA83-28F5-43A1-BC25-E2010D865D56}.Debug|iPhoneSimulator.ActiveCfg = Debug|Any CPU
		{4E53FA83-28F5-43A1-BC25-E2010D865D56}.Debug|iPhoneSimulator.Build.0 = Debug|Any CPU
		{4E53FA83-28F5-43A1-BC25-E2010D865D56}.Debug|iPhoneSimulator.Deploy.0 = Debug|Any CPU
		{4E53FA83-28F5-43A1-BC25-E2010D865D56}.Debug|x64.ActiveCfg = Debug|Any CPU
		{4E53FA83-28F5-43A1-BC25-E2010D865D56}.Debug|x64.Build.0 = Debug|Any CPU
		{4E53FA83-28F5-43A1-BC25-E2010D865D56}.Debug|x64.Deploy.0 = Debug|Any CPU
		{4E53FA83-28F5-43A1-BC25-E2010D865D56}.Debug|x86.ActiveCfg = Debug|Any CPU
		{4E53FA83-28F5-43A1-BC25-E2010D865D56}.Debug|x86.Build.0 = Debug|Any CPU
		{4E53FA83-28F5-43A1-BC25-E2010D865D56}.Debug|x86.Deploy.0 = Debug|Any CPU
		{4E53FA83-28F5-43A1-BC25-E2010D865D56}.Release|Any CPU.ActiveCfg = Release|Any CPU
		{4E53FA83-28F5-43A1-BC25-E2010D865D56}.Release|Any CPU.Build.0 = Release|Any CPU
		{4E53FA83-28F5-43A1-BC25-E2010D865D56}.Release|Any CPU.Deploy.0 = Release|Any CPU
		{4E53FA83-28F5-43A1-BC25-E2010D865D56}.Release|ARM.ActiveCfg = Release|Any CPU
		{4E53FA83-28F5-43A1-BC25-E2010D865D56}.Release|ARM.Build.0 = Release|Any CPU
		{4E53FA83-28F5-43A1-BC25-E2010D865D56}.Release|ARM.Deploy.0 = Release|Any CPU
		{4E53FA83-28F5-43A1-BC25-E2010D865D56}.Release|iPhone.ActiveCfg = Release|Any CPU
		{4E53FA83-28F5-43A1-BC25-E2010D865D56}.Release|iPhone.Build.0 = Release|Any CPU
		{4E53FA83-28F5-43A1-BC25-E2010D865D56}.Release|iPhone.Deploy.0 = Release|Any CPU
		{4E53FA83-28F5-43A1-BC25-E2010D865D56}.Release|iPhoneSimulator.ActiveCfg = Release|Any CPU
		{4E53FA83-28F5-43A1-BC25-E2010D865D56}.Release|iPhoneSimulator.Build.0 = Release|Any CPU
		{4E53FA83-28F5-43A1-BC25-E2010D865D56}.Release|iPhoneSimulator.Deploy.0 = Release|Any CPU
		{4E53FA83-28F5-43A1-BC25-E2010D865D56}.Release|x64.ActiveCfg = Release|Any CPU
		{4E53FA83-28F5-43A1-BC25-E2010D865D56}.Release|x64.Build.0 = Release|Any CPU
		{4E53FA83-28F5-43A1-BC25-E2010D865D56}.Release|x64.Deploy.0 = Release|Any CPU
		{4E53FA83-28F5-43A1-BC25-E2010D865D56}.Release|x86.ActiveCfg = Release|Any CPU
		{4E53FA83-28F5-43A1-BC25-E2010D865D56}.Release|x86.Build.0 = Release|Any CPU
		{4E53FA83-28F5-43A1-BC25-E2010D865D56}.Release|x86.Deploy.0 = Release|Any CPU
		{BFB4F487-BE19-4171-A0D4-9A3A73B7A5B9}.Ad-Hoc|Any CPU.ActiveCfg = Ad-Hoc|iPhone
		{BFB4F487-BE19-4171-A0D4-9A3A73B7A5B9}.Ad-Hoc|Any CPU.Build.0 = Ad-Hoc|iPhone
		{BFB4F487-BE19-4171-A0D4-9A3A73B7A5B9}.Ad-Hoc|Any CPU.Deploy.0 = Ad-Hoc|iPhone
		{BFB4F487-BE19-4171-A0D4-9A3A73B7A5B9}.Ad-Hoc|ARM.ActiveCfg = Ad-Hoc|iPhone
		{BFB4F487-BE19-4171-A0D4-9A3A73B7A5B9}.Ad-Hoc|ARM.Build.0 = Ad-Hoc|iPhone
		{BFB4F487-BE19-4171-A0D4-9A3A73B7A5B9}.Ad-Hoc|ARM.Deploy.0 = Ad-Hoc|iPhone
		{BFB4F487-BE19-4171-A0D4-9A3A73B7A5B9}.Ad-Hoc|iPhone.ActiveCfg = Ad-Hoc|iPhone
		{BFB4F487-BE19-4171-A0D4-9A3A73B7A5B9}.Ad-Hoc|iPhone.Build.0 = Ad-Hoc|iPhone
		{BFB4F487-BE19-4171-A0D4-9A3A73B7A5B9}.Ad-Hoc|iPhone.Deploy.0 = Ad-Hoc|iPhone
		{BFB4F487-BE19-4171-A0D4-9A3A73B7A5B9}.Ad-Hoc|iPhoneSimulator.ActiveCfg = Ad-Hoc|iPhoneSimulator
		{BFB4F487-BE19-4171-A0D4-9A3A73B7A5B9}.Ad-Hoc|iPhoneSimulator.Build.0 = Ad-Hoc|iPhoneSimulator
		{BFB4F487-BE19-4171-A0D4-9A3A73B7A5B9}.Ad-Hoc|iPhoneSimulator.Deploy.0 = Ad-Hoc|iPhoneSimulator
		{BFB4F487-BE19-4171-A0D4-9A3A73B7A5B9}.Ad-Hoc|x64.ActiveCfg = Ad-Hoc|iPhone
		{BFB4F487-BE19-4171-A0D4-9A3A73B7A5B9}.Ad-Hoc|x64.Build.0 = Ad-Hoc|iPhone
		{BFB4F487-BE19-4171-A0D4-9A3A73B7A5B9}.Ad-Hoc|x64.Deploy.0 = Ad-Hoc|iPhone
		{BFB4F487-BE19-4171-A0D4-9A3A73B7A5B9}.Ad-Hoc|x86.ActiveCfg = Ad-Hoc|iPhone
		{BFB4F487-BE19-4171-A0D4-9A3A73B7A5B9}.Ad-Hoc|x86.Build.0 = Ad-Hoc|iPhone
		{BFB4F487-BE19-4171-A0D4-9A3A73B7A5B9}.Ad-Hoc|x86.Deploy.0 = Ad-Hoc|iPhone
		{BFB4F487-BE19-4171-A0D4-9A3A73B7A5B9}.AppStore|Any CPU.ActiveCfg = AppStore|iPhone
		{BFB4F487-BE19-4171-A0D4-9A3A73B7A5B9}.AppStore|Any CPU.Build.0 = AppStore|iPhone
		{BFB4F487-BE19-4171-A0D4-9A3A73B7A5B9}.AppStore|Any CPU.Deploy.0 = AppStore|iPhone
		{BFB4F487-BE19-4171-A0D4-9A3A73B7A5B9}.AppStore|ARM.ActiveCfg = AppStore|iPhone
		{BFB4F487-BE19-4171-A0D4-9A3A73B7A5B9}.AppStore|ARM.Build.0 = AppStore|iPhone
		{BFB4F487-BE19-4171-A0D4-9A3A73B7A5B9}.AppStore|ARM.Deploy.0 = AppStore|iPhone
		{BFB4F487-BE19-4171-A0D4-9A3A73B7A5B9}.AppStore|iPhone.ActiveCfg = AppStore|iPhone
		{BFB4F487-BE19-4171-A0D4-9A3A73B7A5B9}.AppStore|iPhone.Build.0 = AppStore|iPhone
		{BFB4F487-BE19-4171-A0D4-9A3A73B7A5B9}.AppStore|iPhone.Deploy.0 = AppStore|iPhone
		{BFB4F487-BE19-4171-A0D4-9A3A73B7A5B9}.AppStore|iPhoneSimulator.ActiveCfg = AppStore|iPhoneSimulator
		{BFB4F487-BE19-4171-A0D4-9A3A73B7A5B9}.AppStore|iPhoneSimulator.Build.0 = AppStore|iPhoneSimulator
		{BFB4F487-BE19-4171-A0D4-9A3A73B7A5B9}.AppStore|iPhoneSimulator.Deploy.0 = AppStore|iPhoneSimulator
		{BFB4F487-BE19-4171-A0D4-9A3A73B7A5B9}.AppStore|x64.ActiveCfg = AppStore|iPhone
		{BFB4F487-BE19-4171-A0D4-9A3A73B7A5B9}.AppStore|x64.Build.0 = AppStore|iPhone
		{BFB4F487-BE19-4171-A0D4-9A3A73B7A5B9}.AppStore|x64.Deploy.0 = AppStore|iPhone
		{BFB4F487-BE19-4171-A0D4-9A3A73B7A5B9}.AppStore|x86.ActiveCfg = AppStore|iPhone
		{BFB4F487-BE19-4171-A0D4-9A3A73B7A5B9}.AppStore|x86.Build.0 = AppStore|iPhone
		{BFB4F487-BE19-4171-A0D4-9A3A73B7A5B9}.AppStore|x86.Deploy.0 = AppStore|iPhone
		{BFB4F487-BE19-4171-A0D4-9A3A73B7A5B9}.Debug|Any CPU.ActiveCfg = Debug|iPhoneSimulator
		{BFB4F487-BE19-4171-A0D4-9A3A73B7A5B9}.Debug|Any CPU.Build.0 = Debug|iPhoneSimulator
		{BFB4F487-BE19-4171-A0D4-9A3A73B7A5B9}.Debug|Any CPU.Deploy.0 = Debug|iPhoneSimulator
		{BFB4F487-BE19-4171-A0D4-9A3A73B7A5B9}.Debug|ARM.ActiveCfg = Debug|iPhone
		{BFB4F487-BE19-4171-A0D4-9A3A73B7A5B9}.Debug|ARM.Build.0 = Debug|iPhone
		{BFB4F487-BE19-4171-A0D4-9A3A73B7A5B9}.Debug|ARM.Deploy.0 = Debug|iPhone
		{BFB4F487-BE19-4171-A0D4-9A3A73B7A5B9}.Debug|iPhone.ActiveCfg = Debug|iPhone
		{BFB4F487-BE19-4171-A0D4-9A3A73B7A5B9}.Debug|iPhone.Build.0 = Debug|iPhone
		{BFB4F487-BE19-4171-A0D4-9A3A73B7A5B9}.Debug|iPhone.Deploy.0 = Debug|iPhone
		{BFB4F487-BE19-4171-A0D4-9A3A73B7A5B9}.Debug|iPhoneSimulator.ActiveCfg = Debug|iPhoneSimulator
		{BFB4F487-BE19-4171-A0D4-9A3A73B7A5B9}.Debug|iPhoneSimulator.Build.0 = Debug|iPhoneSimulator
		{BFB4F487-BE19-4171-A0D4-9A3A73B7A5B9}.Debug|iPhoneSimulator.Deploy.0 = Debug|iPhoneSimulator
		{BFB4F487-BE19-4171-A0D4-9A3A73B7A5B9}.Debug|x64.ActiveCfg = Debug|iPhone
		{BFB4F487-BE19-4171-A0D4-9A3A73B7A5B9}.Debug|x64.Build.0 = Debug|iPhone
		{BFB4F487-BE19-4171-A0D4-9A3A73B7A5B9}.Debug|x64.Deploy.0 = Debug|iPhone
		{BFB4F487-BE19-4171-A0D4-9A3A73B7A5B9}.Debug|x86.ActiveCfg = Debug|iPhone
		{BFB4F487-BE19-4171-A0D4-9A3A73B7A5B9}.Debug|x86.Build.0 = Debug|iPhone
		{BFB4F487-BE19-4171-A0D4-9A3A73B7A5B9}.Debug|x86.Deploy.0 = Debug|iPhone
		{BFB4F487-BE19-4171-A0D4-9A3A73B7A5B9}.Release|Any CPU.ActiveCfg = Release|iPhone
		{BFB4F487-BE19-4171-A0D4-9A3A73B7A5B9}.Release|Any CPU.Build.0 = Release|iPhone
		{BFB4F487-BE19-4171-A0D4-9A3A73B7A5B9}.Release|Any CPU.Deploy.0 = Release|iPhone
		{BFB4F487-BE19-4171-A0D4-9A3A73B7A5B9}.Release|ARM.ActiveCfg = Release|iPhone
		{BFB4F487-BE19-4171-A0D4-9A3A73B7A5B9}.Release|ARM.Build.0 = Release|iPhone
		{BFB4F487-BE19-4171-A0D4-9A3A73B7A5B9}.Release|ARM.Deploy.0 = Release|iPhone
		{BFB4F487-BE19-4171-A0D4-9A3A73B7A5B9}.Release|iPhone.ActiveCfg = Release|iPhone
		{BFB4F487-BE19-4171-A0D4-9A3A73B7A5B9}.Release|iPhone.Build.0 = Release|iPhone
		{BFB4F487-BE19-4171-A0D4-9A3A73B7A5B9}.Release|iPhone.Deploy.0 = Release|iPhone
		{BFB4F487-BE19-4171-A0D4-9A3A73B7A5B9}.Release|iPhoneSimulator.ActiveCfg = Release|iPhoneSimulator
		{BFB4F487-BE19-4171-A0D4-9A3A73B7A5B9}.Release|iPhoneSimulator.Build.0 = Release|iPhoneSimulator
		{BFB4F487-BE19-4171-A0D4-9A3A73B7A5B9}.Release|iPhoneSimulator.Deploy.0 = Release|iPhoneSimulator
		{BFB4F487-BE19-4171-A0D4-9A3A73B7A5B9}.Release|x64.ActiveCfg = Release|iPhone
		{BFB4F487-BE19-4171-A0D4-9A3A73B7A5B9}.Release|x64.Build.0 = Release|iPhone
		{BFB4F487-BE19-4171-A0D4-9A3A73B7A5B9}.Release|x64.Deploy.0 = Release|iPhone
		{BFB4F487-BE19-4171-A0D4-9A3A73B7A5B9}.Release|x86.ActiveCfg = Release|iPhone
		{BFB4F487-BE19-4171-A0D4-9A3A73B7A5B9}.Release|x86.Build.0 = Release|iPhone
		{BFB4F487-BE19-4171-A0D4-9A3A73B7A5B9}.Release|x86.Deploy.0 = Release|iPhone
		{F695AEDF-F89E-47BB-B3A3-F25C77095200}.Ad-Hoc|Any CPU.ActiveCfg = Release|x86
		{F695AEDF-F89E-47BB-B3A3-F25C77095200}.Ad-Hoc|Any CPU.Build.0 = Release|x86
		{F695AEDF-F89E-47BB-B3A3-F25C77095200}.Ad-Hoc|Any CPU.Deploy.0 = Release|x86
		{F695AEDF-F89E-47BB-B3A3-F25C77095200}.Ad-Hoc|ARM.ActiveCfg = Release|ARM
		{F695AEDF-F89E-47BB-B3A3-F25C77095200}.Ad-Hoc|ARM.Build.0 = Release|ARM
		{F695AEDF-F89E-47BB-B3A3-F25C77095200}.Ad-Hoc|ARM.Deploy.0 = Release|ARM
		{F695AEDF-F89E-47BB-B3A3-F25C77095200}.Ad-Hoc|iPhone.ActiveCfg = Release|x86
		{F695AEDF-F89E-47BB-B3A3-F25C77095200}.Ad-Hoc|iPhone.Build.0 = Release|x86
		{F695AEDF-F89E-47BB-B3A3-F25C77095200}.Ad-Hoc|iPhone.Deploy.0 = Release|x86
		{F695AEDF-F89E-47BB-B3A3-F25C77095200}.Ad-Hoc|iPhoneSimulator.ActiveCfg = Release|x86
		{F695AEDF-F89E-47BB-B3A3-F25C77095200}.Ad-Hoc|iPhoneSimulator.Build.0 = Release|x86
		{F695AEDF-F89E-47BB-B3A3-F25C77095200}.Ad-Hoc|iPhoneSimulator.Deploy.0 = Release|x86
		{F695AEDF-F89E-47BB-B3A3-F25C77095200}.Ad-Hoc|x64.ActiveCfg = Release|x64
		{F695AEDF-F89E-47BB-B3A3-F25C77095200}.Ad-Hoc|x64.Build.0 = Release|x64
		{F695AEDF-F89E-47BB-B3A3-F25C77095200}.Ad-Hoc|x64.Deploy.0 = Release|x64
		{F695AEDF-F89E-47BB-B3A3-F25C77095200}.Ad-Hoc|x86.ActiveCfg = Release|x86
		{F695AEDF-F89E-47BB-B3A3-F25C77095200}.Ad-Hoc|x86.Build.0 = Release|x86
		{F695AEDF-F89E-47BB-B3A3-F25C77095200}.Ad-Hoc|x86.Deploy.0 = Release|x86
		{F695AEDF-F89E-47BB-B3A3-F25C77095200}.AppStore|Any CPU.ActiveCfg = Release|x86
		{F695AEDF-F89E-47BB-B3A3-F25C77095200}.AppStore|Any CPU.Build.0 = Release|x86
		{F695AEDF-F89E-47BB-B3A3-F25C77095200}.AppStore|Any CPU.Deploy.0 = Release|x86
		{F695AEDF-F89E-47BB-B3A3-F25C77095200}.AppStore|ARM.ActiveCfg = Release|ARM
		{F695AEDF-F89E-47BB-B3A3-F25C77095200}.AppStore|ARM.Build.0 = Release|ARM
		{F695AEDF-F89E-47BB-B3A3-F25C77095200}.AppStore|ARM.Deploy.0 = Release|ARM
		{F695AEDF-F89E-47BB-B3A3-F25C77095200}.AppStore|iPhone.ActiveCfg = Release|x86
		{F695AEDF-F89E-47BB-B3A3-F25C77095200}.AppStore|iPhone.Build.0 = Release|x86
		{F695AEDF-F89E-47BB-B3A3-F25C77095200}.AppStore|iPhone.Deploy.0 = Release|x86
		{F695AEDF-F89E-47BB-B3A3-F25C77095200}.AppStore|iPhoneSimulator.ActiveCfg = Release|x86
		{F695AEDF-F89E-47BB-B3A3-F25C77095200}.AppStore|iPhoneSimulator.Build.0 = Release|x86
		{F695AEDF-F89E-47BB-B3A3-F25C77095200}.AppStore|iPhoneSimulator.Deploy.0 = Release|x86
		{F695AEDF-F89E-47BB-B3A3-F25C77095200}.AppStore|x64.ActiveCfg = Release|x64
		{F695AEDF-F89E-47BB-B3A3-F25C77095200}.AppStore|x64.Build.0 = Release|x64
		{F695AEDF-F89E-47BB-B3A3-F25C77095200}.AppStore|x64.Deploy.0 = Release|x64
		{F695AEDF-F89E-47BB-B3A3-F25C77095200}.AppStore|x86.ActiveCfg = Release|x86
		{F695AEDF-F89E-47BB-B3A3-F25C77095200}.AppStore|x86.Build.0 = Release|x86
		{F695AEDF-F89E-47BB-B3A3-F25C77095200}.AppStore|x86.Deploy.0 = Release|x86
		{F695AEDF-F89E-47BB-B3A3-F25C77095200}.Debug|Any CPU.ActiveCfg = Debug|x86
		{F695AEDF-F89E-47BB-B3A3-F25C77095200}.Debug|Any CPU.Build.0 = Debug|x86
		{F695AEDF-F89E-47BB-B3A3-F25C77095200}.Debug|Any CPU.Deploy.0 = Debug|x86
		{F695AEDF-F89E-47BB-B3A3-F25C77095200}.Debug|ARM.ActiveCfg = Debug|ARM
		{F695AEDF-F89E-47BB-B3A3-F25C77095200}.Debug|ARM.Build.0 = Debug|ARM
		{F695AEDF-F89E-47BB-B3A3-F25C77095200}.Debug|ARM.Deploy.0 = Debug|ARM
		{F695AEDF-F89E-47BB-B3A3-F25C77095200}.Debug|iPhone.ActiveCfg = Debug|x86
		{F695AEDF-F89E-47BB-B3A3-F25C77095200}.Debug|iPhone.Build.0 = Debug|x86
		{F695AEDF-F89E-47BB-B3A3-F25C77095200}.Debug|iPhone.Deploy.0 = Debug|x86
		{F695AEDF-F89E-47BB-B3A3-F25C77095200}.Debug|iPhoneSimulator.ActiveCfg = Debug|x86
		{F695AEDF-F89E-47BB-B3A3-F25C77095200}.Debug|iPhoneSimulator.Build.0 = Debug|x86
		{F695AEDF-F89E-47BB-B3A3-F25C77095200}.Debug|iPhoneSimulator.Deploy.0 = Debug|x86
		{F695AEDF-F89E-47BB-B3A3-F25C77095200}.Debug|x64.ActiveCfg = Debug|x64
		{F695AEDF-F89E-47BB-B3A3-F25C77095200}.Debug|x64.Build.0 = Debug|x64
		{F695AEDF-F89E-47BB-B3A3-F25C77095200}.Debug|x64.Deploy.0 = Debug|x64
		{F695AEDF-F89E-47BB-B3A3-F25C77095200}.Debug|x86.ActiveCfg = Debug|x86
		{F695AEDF-F89E-47BB-B3A3-F25C77095200}.Debug|x86.Build.0 = Debug|x86
		{F695AEDF-F89E-47BB-B3A3-F25C77095200}.Debug|x86.Deploy.0 = Debug|x86
		{F695AEDF-F89E-47BB-B3A3-F25C77095200}.Release|Any CPU.ActiveCfg = Release|x86
		{F695AEDF-F89E-47BB-B3A3-F25C77095200}.Release|Any CPU.Build.0 = Release|x86
		{F695AEDF-F89E-47BB-B3A3-F25C77095200}.Release|Any CPU.Deploy.0 = Release|x86
		{F695AEDF-F89E-47BB-B3A3-F25C77095200}.Release|ARM.ActiveCfg = Release|ARM
		{F695AEDF-F89E-47BB-B3A3-F25C77095200}.Release|ARM.Build.0 = Release|ARM
		{F695AEDF-F89E-47BB-B3A3-F25C77095200}.Release|ARM.Deploy.0 = Release|ARM
		{F695AEDF-F89E-47BB-B3A3-F25C77095200}.Release|iPhone.ActiveCfg = Release|x86
		{F695AEDF-F89E-47BB-B3A3-F25C77095200}.Release|iPhone.Build.0 = Release|x86
		{F695AEDF-F89E-47BB-B3A3-F25C77095200}.Release|iPhone.Deploy.0 = Release|x86
		{F695AEDF-F89E-47BB-B3A3-F25C77095200}.Release|iPhoneSimulator.ActiveCfg = Release|x86
		{F695AEDF-F89E-47BB-B3A3-F25C77095200}.Release|iPhoneSimulator.Build.0 = Release|x86
		{F695AEDF-F89E-47BB-B3A3-F25C77095200}.Release|iPhoneSimulator.Deploy.0 = Release|x86
		{F695AEDF-F89E-47BB-B3A3-F25C77095200}.Release|x64.ActiveCfg = Release|x64
		{F695AEDF-F89E-47BB-B3A3-F25C77095200}.Release|x64.Build.0 = Release|x64
		{F695AEDF-F89E-47BB-B3A3-F25C77095200}.Release|x64.Deploy.0 = Release|x64
		{F695AEDF-F89E-47BB-B3A3-F25C77095200}.Release|x86.ActiveCfg = Release|x86
		{F695AEDF-F89E-47BB-B3A3-F25C77095200}.Release|x86.Build.0 = Release|x86
		{F695AEDF-F89E-47BB-B3A3-F25C77095200}.Release|x86.Deploy.0 = Release|x86
		{3CDDB9F6-358B-482B-8180-CFC28187B3DB}.Ad-Hoc|Any CPU.ActiveCfg = Debug|Any CPU
		{3CDDB9F6-358B-482B-8180-CFC28187B3DB}.Ad-Hoc|Any CPU.Build.0 = Debug|Any CPU
		{3CDDB9F6-358B-482B-8180-CFC28187B3DB}.Ad-Hoc|Any CPU.Deploy.0 = Debug|Any CPU
		{3CDDB9F6-358B-482B-8180-CFC28187B3DB}.Ad-Hoc|ARM.ActiveCfg = Debug|Any CPU
		{3CDDB9F6-358B-482B-8180-CFC28187B3DB}.Ad-Hoc|ARM.Build.0 = Debug|Any CPU
		{3CDDB9F6-358B-482B-8180-CFC28187B3DB}.Ad-Hoc|ARM.Deploy.0 = Debug|Any CPU
		{3CDDB9F6-358B-482B-8180-CFC28187B3DB}.Ad-Hoc|iPhone.ActiveCfg = Debug|Any CPU
		{3CDDB9F6-358B-482B-8180-CFC28187B3DB}.Ad-Hoc|iPhone.Build.0 = Debug|Any CPU
		{3CDDB9F6-358B-482B-8180-CFC28187B3DB}.Ad-Hoc|iPhone.Deploy.0 = Debug|Any CPU
		{3CDDB9F6-358B-482B-8180-CFC28187B3DB}.Ad-Hoc|iPhoneSimulator.ActiveCfg = Debug|Any CPU
		{3CDDB9F6-358B-482B-8180-CFC28187B3DB}.Ad-Hoc|iPhoneSimulator.Build.0 = Debug|Any CPU
		{3CDDB9F6-358B-482B-8180-CFC28187B3DB}.Ad-Hoc|iPhoneSimulator.Deploy.0 = Debug|Any CPU
		{3CDDB9F6-358B-482B-8180-CFC28187B3DB}.Ad-Hoc|x64.ActiveCfg = Debug|Any CPU
		{3CDDB9F6-358B-482B-8180-CFC28187B3DB}.Ad-Hoc|x64.Build.0 = Debug|Any CPU
		{3CDDB9F6-358B-482B-8180-CFC28187B3DB}.Ad-Hoc|x64.Deploy.0 = Debug|Any CPU
		{3CDDB9F6-358B-482B-8180-CFC28187B3DB}.Ad-Hoc|x86.ActiveCfg = Debug|Any CPU
		{3CDDB9F6-358B-482B-8180-CFC28187B3DB}.Ad-Hoc|x86.Build.0 = Debug|Any CPU
		{3CDDB9F6-358B-482B-8180-CFC28187B3DB}.Ad-Hoc|x86.Deploy.0 = Debug|Any CPU
		{3CDDB9F6-358B-482B-8180-CFC28187B3DB}.AppStore|Any CPU.ActiveCfg = Debug|Any CPU
		{3CDDB9F6-358B-482B-8180-CFC28187B3DB}.AppStore|Any CPU.Build.0 = Debug|Any CPU
		{3CDDB9F6-358B-482B-8180-CFC28187B3DB}.AppStore|Any CPU.Deploy.0 = Debug|Any CPU
		{3CDDB9F6-358B-482B-8180-CFC28187B3DB}.AppStore|ARM.ActiveCfg = Debug|Any CPU
		{3CDDB9F6-358B-482B-8180-CFC28187B3DB}.AppStore|ARM.Build.0 = Debug|Any CPU
		{3CDDB9F6-358B-482B-8180-CFC28187B3DB}.AppStore|ARM.Deploy.0 = Debug|Any CPU
		{3CDDB9F6-358B-482B-8180-CFC28187B3DB}.AppStore|iPhone.ActiveCfg = Debug|Any CPU
		{3CDDB9F6-358B-482B-8180-CFC28187B3DB}.AppStore|iPhone.Build.0 = Debug|Any CPU
		{3CDDB9F6-358B-482B-8180-CFC28187B3DB}.AppStore|iPhone.Deploy.0 = Debug|Any CPU
		{3CDDB9F6-358B-482B-8180-CFC28187B3DB}.AppStore|iPhoneSimulator.ActiveCfg = Debug|Any CPU
		{3CDDB9F6-358B-482B-8180-CFC28187B3DB}.AppStore|iPhoneSimulator.Build.0 = Debug|Any CPU
		{3CDDB9F6-358B-482B-8180-CFC28187B3DB}.AppStore|iPhoneSimulator.Deploy.0 = Debug|Any CPU
		{3CDDB9F6-358B-482B-8180-CFC28187B3DB}.AppStore|x64.ActiveCfg = Debug|Any CPU
		{3CDDB9F6-358B-482B-8180-CFC28187B3DB}.AppStore|x64.Build.0 = Debug|Any CPU
		{3CDDB9F6-358B-482B-8180-CFC28187B3DB}.AppStore|x64.Deploy.0 = Debug|Any CPU
		{3CDDB9F6-358B-482B-8180-CFC28187B3DB}.AppStore|x86.ActiveCfg = Debug|Any CPU
		{3CDDB9F6-358B-482B-8180-CFC28187B3DB}.AppStore|x86.Build.0 = Debug|Any CPU
		{3CDDB9F6-358B-482B-8180-CFC28187B3DB}.AppStore|x86.Deploy.0 = Debug|Any CPU
		{3CDDB9F6-358B-482B-8180-CFC28187B3DB}.Debug|Any CPU.ActiveCfg = Debug|Any CPU
		{3CDDB9F6-358B-482B-8180-CFC28187B3DB}.Debug|Any CPU.Build.0 = Debug|Any CPU
		{3CDDB9F6-358B-482B-8180-CFC28187B3DB}.Debug|Any CPU.Deploy.0 = Debug|Any CPU
		{3CDDB9F6-358B-482B-8180-CFC28187B3DB}.Debug|ARM.ActiveCfg = Debug|Any CPU
		{3CDDB9F6-358B-482B-8180-CFC28187B3DB}.Debug|ARM.Build.0 = Debug|Any CPU
		{3CDDB9F6-358B-482B-8180-CFC28187B3DB}.Debug|ARM.Deploy.0 = Debug|Any CPU
		{3CDDB9F6-358B-482B-8180-CFC28187B3DB}.Debug|iPhone.ActiveCfg = Debug|Any CPU
		{3CDDB9F6-358B-482B-8180-CFC28187B3DB}.Debug|iPhone.Build.0 = Debug|Any CPU
		{3CDDB9F6-358B-482B-8180-CFC28187B3DB}.Debug|iPhone.Deploy.0 = Debug|Any CPU
		{3CDDB9F6-358B-482B-8180-CFC28187B3DB}.Debug|iPhoneSimulator.ActiveCfg = Debug|Any CPU
		{3CDDB9F6-358B-482B-8180-CFC28187B3DB}.Debug|iPhoneSimulator.Build.0 = Debug|Any CPU
		{3CDDB9F6-358B-482B-8180-CFC28187B3DB}.Debug|iPhoneSimulator.Deploy.0 = Debug|Any CPU
		{3CDDB9F6-358B-482B-8180-CFC28187B3DB}.Debug|x64.ActiveCfg = Debug|Any CPU
		{3CDDB9F6-358B-482B-8180-CFC28187B3DB}.Debug|x64.Build.0 = Debug|Any CPU
		{3CDDB9F6-358B-482B-8180-CFC28187B3DB}.Debug|x64.Deploy.0 = Debug|Any CPU
		{3CDDB9F6-358B-482B-8180-CFC28187B3DB}.Debug|x86.ActiveCfg = Debug|Any CPU
		{3CDDB9F6-358B-482B-8180-CFC28187B3DB}.Debug|x86.Build.0 = Debug|Any CPU
		{3CDDB9F6-358B-482B-8180-CFC28187B3DB}.Debug|x86.Deploy.0 = Debug|Any CPU
		{3CDDB9F6-358B-482B-8180-CFC28187B3DB}.Release|Any CPU.ActiveCfg = Release|Any CPU
		{3CDDB9F6-358B-482B-8180-CFC28187B3DB}.Release|Any CPU.Build.0 = Release|Any CPU
		{3CDDB9F6-358B-482B-8180-CFC28187B3DB}.Release|Any CPU.Deploy.0 = Release|Any CPU
		{3CDDB9F6-358B-482B-8180-CFC28187B3DB}.Release|ARM.ActiveCfg = Release|Any CPU
		{3CDDB9F6-358B-482B-8180-CFC28187B3DB}.Release|ARM.Build.0 = Release|Any CPU
		{3CDDB9F6-358B-482B-8180-CFC28187B3DB}.Release|ARM.Deploy.0 = Release|Any CPU
		{3CDDB9F6-358B-482B-8180-CFC28187B3DB}.Release|iPhone.ActiveCfg = Release|Any CPU
		{3CDDB9F6-358B-482B-8180-CFC28187B3DB}.Release|iPhone.Build.0 = Release|Any CPU
		{3CDDB9F6-358B-482B-8180-CFC28187B3DB}.Release|iPhone.Deploy.0 = Release|Any CPU
		{3CDDB9F6-358B-482B-8180-CFC28187B3DB}.Release|iPhoneSimulator.ActiveCfg = Release|Any CPU
		{3CDDB9F6-358B-482B-8180-CFC28187B3DB}.Release|iPhoneSimulator.Build.0 = Release|Any CPU
		{3CDDB9F6-358B-482B-8180-CFC28187B3DB}.Release|iPhoneSimulator.Deploy.0 = Release|Any CPU
		{3CDDB9F6-358B-482B-8180-CFC28187B3DB}.Release|x64.ActiveCfg = Release|Any CPU
		{3CDDB9F6-358B-482B-8180-CFC28187B3DB}.Release|x64.Build.0 = Release|Any CPU
		{3CDDB9F6-358B-482B-8180-CFC28187B3DB}.Release|x64.Deploy.0 = Release|Any CPU
		{3CDDB9F6-358B-482B-8180-CFC28187B3DB}.Release|x86.ActiveCfg = Release|Any CPU
		{3CDDB9F6-358B-482B-8180-CFC28187B3DB}.Release|x86.Build.0 = Release|Any CPU
		{3CDDB9F6-358B-482B-8180-CFC28187B3DB}.Release|x86.Deploy.0 = Release|Any CPU
	EndGlobalSection
	GlobalSection(SolutionProperties) = preSolution
		HideSolutionNode = FALSE
	EndGlobalSection
	GlobalSection(ExtensibilityGlobals) = postSolution
		SolutionGuid = {7B9D15DE-83AF-409C-A1AF-5EBB21E9FE7F}
	EndGlobalSection
EndGlobal
